
Microsoft Visual Studio Solution File, Format Version 12.00
# Visual Studio Version 16
VisualStudioVersion = 16.0.29613.14
MinimumVisualStudioVersion = 10.0.40219.1
Project("{8BC9CEB8-8B4A-11D0-8D11-00A0C91BC942}") = "CS 132 Program 1 Towers of Hanoi", "CS 132 Program 1 Towers of Hanoi\CS 132 Program 1 Towers of Hanoi.vcxproj", "{5E2718AF-34A1-4C33-8F72-30179C92B5D0}"
EndProject
Global
	GlobalSection(SolutionConfigurationPlatforms) = preSolution
		Debug|x64 = Debug|x64
		Debug|x86 = Debug|x86
		Release|x64 = Release|x64
		Release|x86 = Release|x86
	EndGlobalSection
	GlobalSection(ProjectConfigurationPlatforms) = postSolution
		{5E2718AF-34A1-4C33-8F72-30179C92B5D0}.Debug|x64.ActiveCfg = Debug|x64
		{5E2718AF-34A1-4C33-8F72-30179C92B5D0}.Debug|x64.Build.0 = Debug|x64
		{5E2718AF-34A1-4C33-8F72-30179C92B5D0}.Debug|x86.ActiveCfg = Debug|Win32
		{5E2718AF-34A1-4C33-8F72-30179C92B5D0}.Debug|x86.Build.0 = Debug|Win32
		{5E2718AF-34A1-4C33-8F72-30179C92B5D0}.Release|x64.ActiveCfg = Release|x64
		{5E2718AF-34A1-4C33-8F72-30179C92B5D0}.Release|x64.Build.0 = Release|x64
		{5E2718AF-34A1-4C33-8F72-30179C92B5D0}.Release|x86.ActiveCfg = Release|Win32
		{5E2718AF-34A1-4C33-8F72-30179C92B5D0}.Release|x86.Build.0 = Release|Win32
	EndGlobalSection
	GlobalSection(SolutionProperties) = preSolution
		HideSolutionNode = FALSE
	EndGlobalSection
	GlobalSection(ExtensibilityGlobals) = postSolution
		SolutionGuid = {A469C741-419A-4EB2-890C-D318F07D64C0}
	EndGlobalSection
EndGlobal
